
Microsoft Visual Studio Solution File, Format Version 12.00
# Visual Studio Version 17
VisualStudioVersion = 17.6.33801.468
MinimumVisualStudioVersion = 10.0.40219.1
Project("{FAE04EC0-301F-11D3-BF4B-00C04F79EFBC}") = "Guessing_Game2", "Guessing_Game2.csproj", "{7280D397-849B-4548-BDED-3D99BE4D7CE3}"
EndProject
Global
	GlobalSection(SolutionConfigurationPlatforms) = preSolution
		Debug|Any CPU = Debug|Any CPU
		Release|Any CPU = Release|Any CPU
	EndGlobalSection
	GlobalSection(ProjectConfigurationPlatforms) = postSolution
		{7280D397-849B-4548-BDED-3D99BE4D7CE3}.Debug|Any CPU.ActiveCfg = Debug|Any CPU
		{7280D397-849B-4548-BDED-3D99BE4D7CE3}.Debug|Any CPU.Build.0 = Debug|Any CPU
		{7280D397-849B-4548-BDED-3D99BE4D7CE3}.Release|Any CPU.ActiveCfg = Release|Any CPU
		{7280D397-849B-4548-BDED-3D99BE4D7CE3}.Release|Any CPU.Build.0 = Release|Any CPU
	EndGlobalSection
	GlobalSection(SolutionProperties) = preSolution
		HideSolutionNode = FALSE
	EndGlobalSection
	GlobalSection(ExtensibilityGlobals) = postSolution
		SolutionGuid = {DA13AF46-16F3-43C2-B841-3CA41A5CEE6C}
	EndGlobalSection
EndGlobal
